
Microsoft Visual Studio Solution File, Format Version 11.00
# Visual Studio 2010
Project("{FAE04EC0-301F-11D3-BF4B-00C04F79EFBC}") = "CFXRDemo", "CFXRDemo.csproj", "{48c01a4b-db31-bb76-b0ed-2360d6a27958}"
EndProject
Project("{FAE04EC0-301F-11D3-BF4B-00C04F79EFBC}") = "Assembly-CSharp", "Assembly-CSharp.csproj", "{584537d5-b5ec-d4be-a112-bfcb5b355c8b}"
EndProject
Project("{FAE04EC0-301F-11D3-BF4B-00C04F79EFBC}") = "CFXRRuntime", "CFXRRuntime.csproj", "{c9daf53b-8b01-79da-357a-b92b44620674}"
EndProject
Project("{FAE04EC0-301F-11D3-BF4B-00C04F79EFBC}") = "KinoBloom.Runtime", "KinoBloom.Runtime.csproj", "{38d35a52-fb7a-a7ed-ed2b-d2ac7ed91065}"
EndProject
Project("{FAE04EC0-301F-11D3-BF4B-00C04F79EFBC}") = "CFXREditor", "CFXREditor.csproj", "{f19e90ef-b1fb-9df5-ff2f-1fdd041457f4}"
EndProject
Project("{FAE04EC0-301F-11D3-BF4B-00C04F79EFBC}") = "Assembly-CSharp-Editor", "Assembly-CSharp-Editor.csproj", "{86a92673-b705-55f1-fde5-1aafd2b59b81}"
EndProject
Project("{FAE04EC0-301F-11D3-BF4B-00C04F79EFBC}") = "CFXR.WelcomeScreen", "CFXR.WelcomeScreen.csproj", "{31d9d5c2-5e91-291e-6aaf-39a9cd30c07d}"
EndProject
Project("{FAE04EC0-301F-11D3-BF4B-00C04F79EFBC}") = "ToonyColorsPro.Demo.Editor", "ToonyColorsPro.Demo.Editor.csproj", "{a1c1cdda-665e-eb9b-f5c7-7b5467bc30c6}"
EndProject
Project("{FAE04EC0-301F-11D3-BF4B-00C04F79EFBC}") = "Assembly-CSharp-firstpass", "Assembly-CSharp-firstpass.csproj", "{c9a9835a-7d55-8895-2721-c87b0c740f2e}"
EndProject
Global
	GlobalSection(SolutionConfigurationPlatforms) = preSolution
		Debug|Any CPU = Debug|Any CPU
	EndGlobalSection
	GlobalSection(ProjectConfigurationPlatforms) = postSolution
		{48c01a4b-db31-bb76-b0ed-2360d6a27958}.Debug|Any CPU.ActiveCfg = Debug|Any CPU
		{48c01a4b-db31-bb76-b0ed-2360d6a27958}.Debug|Any CPU.Build.0 = Debug|Any CPU
		{584537d5-b5ec-d4be-a112-bfcb5b355c8b}.Debug|Any CPU.ActiveCfg = Debug|Any CPU
		{584537d5-b5ec-d4be-a112-bfcb5b355c8b}.Debug|Any CPU.Build.0 = Debug|Any CPU
		{c9daf53b-8b01-79da-357a-b92b44620674}.Debug|Any CPU.ActiveCfg = Debug|Any CPU
		{c9daf53b-8b01-79da-357a-b92b44620674}.Debug|Any CPU.Build.0 = Debug|Any CPU
		{38d35a52-fb7a-a7ed-ed2b-d2ac7ed91065}.Debug|Any CPU.ActiveCfg = Debug|Any CPU
		{38d35a52-fb7a-a7ed-ed2b-d2ac7ed91065}.Debug|Any CPU.Build.0 = Debug|Any CPU
		{f19e90ef-b1fb-9df5-ff2f-1fdd041457f4}.Debug|Any CPU.ActiveCfg = Debug|Any CPU
		{f19e90ef-b1fb-9df5-ff2f-1fdd041457f4}.Debug|Any CPU.Build.0 = Debug|Any CPU
		{86a92673-b705-55f1-fde5-1aafd2b59b81}.Debug|Any CPU.ActiveCfg = Debug|Any CPU
		{86a92673-b705-55f1-fde5-1aafd2b59b81}.Debug|Any CPU.Build.0 = Debug|Any CPU
		{31d9d5c2-5e91-291e-6aaf-39a9cd30c07d}.Debug|Any CPU.ActiveCfg = Debug|Any CPU
		{31d9d5c2-5e91-291e-6aaf-39a9cd30c07d}.Debug|Any CPU.Build.0 = Debug|Any CPU
		{a1c1cdda-665e-eb9b-f5c7-7b5467bc30c6}.Debug|Any CPU.ActiveCfg = Debug|Any CPU
		{a1c1cdda-665e-eb9b-f5c7-7b5467bc30c6}.Debug|Any CPU.Build.0 = Debug|Any CPU
		{c9a9835a-7d55-8895-2721-c87b0c740f2e}.Debug|Any CPU.ActiveCfg = Debug|Any CPU
		{c9a9835a-7d55-8895-2721-c87b0c740f2e}.Debug|Any CPU.Build.0 = Debug|Any CPU
	EndGlobalSection
	GlobalSection(SolutionProperties) = preSolution
		HideSolutionNode = FALSE
	EndGlobalSection
EndGlobal
