
Microsoft Visual Studio Solution File, Format Version 11.00
# Visual Studio 2010
Project("{FAE04EC0-301F-11D3-BF4B-00C04F79EFBC}") = "Assembly-CSharp", "Assembly-CSharp.csproj", "{719d5126-a028-5b00-c6a3-3c713a8e5e48}"
EndProject
Project("{FAE04EC0-301F-11D3-BF4B-00C04F79EFBC}") = "CFXRDemo", "CFXRDemo.csproj", "{7b4d4074-04c4-907b-6df4-a7959f2b4130}"
EndProject
Project("{FAE04EC0-301F-11D3-BF4B-00C04F79EFBC}") = "CFXRRuntime", "CFXRRuntime.csproj", "{84ef6ed9-7a04-a383-dd69-a6920fe3fd56}"
EndProject
Project("{FAE04EC0-301F-11D3-BF4B-00C04F79EFBC}") = "KinoBloom.Runtime", "KinoBloom.Runtime.csproj", "{d25b3397-0ce1-0ec7-0de9-e2eac7872167}"
EndProject
Project("{FAE04EC0-301F-11D3-BF4B-00C04F79EFBC}") = "CFXREditor", "CFXREditor.csproj", "{aa6d362f-69dd-3988-3522-0701c5cae0a1}"
EndProject
Project("{FAE04EC0-301F-11D3-BF4B-00C04F79EFBC}") = "Assembly-CSharp-Editor", "Assembly-CSharp-Editor.csproj", "{8fce0ae7-6c72-a0d7-964f-f3c574326a0d}"
EndProject
Project("{FAE04EC0-301F-11D3-BF4B-00C04F79EFBC}") = "CFXR.WelcomeScreen", "CFXR.WelcomeScreen.csproj", "{a7a94e58-96e0-f31e-f3e8-957eba957796}"
EndProject
Project("{FAE04EC0-301F-11D3-BF4B-00C04F79EFBC}") = "ToonyColorsPro.Demo.Editor", "ToonyColorsPro.Demo.Editor.csproj", "{cd942acb-5a2f-8f63-4b5c-0c65f14cdbd2}"
EndProject
Project("{FAE04EC0-301F-11D3-BF4B-00C04F79EFBC}") = "Assembly-CSharp-firstpass", "Assembly-CSharp-firstpass.csproj", "{834eed65-9494-91ef-bba4-a6a8c1ddb679}"
EndProject
Global
	GlobalSection(SolutionConfigurationPlatforms) = preSolution
		Debug|Any CPU = Debug|Any CPU
	EndGlobalSection
	GlobalSection(ProjectConfigurationPlatforms) = postSolution
		{719d5126-a028-5b00-c6a3-3c713a8e5e48}.Debug|Any CPU.ActiveCfg = Debug|Any CPU
		{719d5126-a028-5b00-c6a3-3c713a8e5e48}.Debug|Any CPU.Build.0 = Debug|Any CPU
		{7b4d4074-04c4-907b-6df4-a7959f2b4130}.Debug|Any CPU.ActiveCfg = Debug|Any CPU
		{7b4d4074-04c4-907b-6df4-a7959f2b4130}.Debug|Any CPU.Build.0 = Debug|Any CPU
		{84ef6ed9-7a04-a383-dd69-a6920fe3fd56}.Debug|Any CPU.ActiveCfg = Debug|Any CPU
		{84ef6ed9-7a04-a383-dd69-a6920fe3fd56}.Debug|Any CPU.Build.0 = Debug|Any CPU
		{d25b3397-0ce1-0ec7-0de9-e2eac7872167}.Debug|Any CPU.ActiveCfg = Debug|Any CPU
		{d25b3397-0ce1-0ec7-0de9-e2eac7872167}.Debug|Any CPU.Build.0 = Debug|Any CPU
		{aa6d362f-69dd-3988-3522-0701c5cae0a1}.Debug|Any CPU.ActiveCfg = Debug|Any CPU
		{aa6d362f-69dd-3988-3522-0701c5cae0a1}.Debug|Any CPU.Build.0 = Debug|Any CPU
		{8fce0ae7-6c72-a0d7-964f-f3c574326a0d}.Debug|Any CPU.ActiveCfg = Debug|Any CPU
		{8fce0ae7-6c72-a0d7-964f-f3c574326a0d}.Debug|Any CPU.Build.0 = Debug|Any CPU
		{a7a94e58-96e0-f31e-f3e8-957eba957796}.Debug|Any CPU.ActiveCfg = Debug|Any CPU
		{a7a94e58-96e0-f31e-f3e8-957eba957796}.Debug|Any CPU.Build.0 = Debug|Any CPU
		{cd942acb-5a2f-8f63-4b5c-0c65f14cdbd2}.Debug|Any CPU.ActiveCfg = Debug|Any CPU
		{cd942acb-5a2f-8f63-4b5c-0c65f14cdbd2}.Debug|Any CPU.Build.0 = Debug|Any CPU
		{834eed65-9494-91ef-bba4-a6a8c1ddb679}.Debug|Any CPU.ActiveCfg = Debug|Any CPU
		{834eed65-9494-91ef-bba4-a6a8c1ddb679}.Debug|Any CPU.Build.0 = Debug|Any CPU
	EndGlobalSection
	GlobalSection(SolutionProperties) = preSolution
		HideSolutionNode = FALSE
	EndGlobalSection
EndGlobal
